
Microsoft Visual Studio Solution File, Format Version 12.00
# Visual Studio Version 17
VisualStudioVersion = 17.9.34723.18
MinimumVisualStudioVersion = 10.0.40219.1
Project("{FAE04EC0-301F-11D3-BF4B-00C04F79EFBC}") = "DotNetFramework", "DotNetFramework\DotNetFramework.csproj", "{D2335605-0944-4E6C-B953-00A3DF51E4C2}"
EndProject
Project("{9A19103F-16F7-4668-BE54-9A1E7A4F7556}") = "CommonAuthService", "CommonAuthService\CommonAuthService.csproj", "{15273BCF-6033-447F-A586-16E2EFCFAC49}"
EndProject
Project("{9A19103F-16F7-4668-BE54-9A1E7A4F7556}") = "DotNetCore", "DotNetCore\DotNetCore.csproj", "{926898F2-1DFF-432C-B210-F2F48F1413C6}"
EndProject
Global
	GlobalSection(SolutionConfigurationPlatforms) = preSolution
		Debug|Any CPU = Debug|Any CPU
		Release|Any CPU = Release|Any CPU
	EndGlobalSection
	GlobalSection(ProjectConfigurationPlatforms) = postSolution
		{D2335605-0944-4E6C-B953-00A3DF51E4C2}.Debug|Any CPU.ActiveCfg = Debug|Any CPU
		{D2335605-0944-4E6C-B953-00A3DF51E4C2}.Debug|Any CPU.Build.0 = Debug|Any CPU
		{D2335605-0944-4E6C-B953-00A3DF51E4C2}.Release|Any CPU.ActiveCfg = Release|Any CPU
		{D2335605-0944-4E6C-B953-00A3DF51E4C2}.Release|Any CPU.Build.0 = Release|Any CPU
		{15273BCF-6033-447F-A586-16E2EFCFAC49}.Debug|Any CPU.ActiveCfg = Debug|Any CPU
		{15273BCF-6033-447F-A586-16E2EFCFAC49}.Debug|Any CPU.Build.0 = Debug|Any CPU
		{15273BCF-6033-447F-A586-16E2EFCFAC49}.Release|Any CPU.ActiveCfg = Release|Any CPU
		{15273BCF-6033-447F-A586-16E2EFCFAC49}.Release|Any CPU.Build.0 = Release|Any CPU
		{926898F2-1DFF-432C-B210-F2F48F1413C6}.Debug|Any CPU.ActiveCfg = Debug|Any CPU
		{926898F2-1DFF-432C-B210-F2F48F1413C6}.Debug|Any CPU.Build.0 = Debug|Any CPU
		{926898F2-1DFF-432C-B210-F2F48F1413C6}.Release|Any CPU.ActiveCfg = Release|Any CPU
		{926898F2-1DFF-432C-B210-F2F48F1413C6}.Release|Any CPU.Build.0 = Release|Any CPU
	EndGlobalSection
	GlobalSection(SolutionProperties) = preSolution
		HideSolutionNode = FALSE
	EndGlobalSection
	GlobalSection(ExtensibilityGlobals) = postSolution
		SolutionGuid = {FC5DD429-EA30-4A32-8198-D42746591E3A}
	EndGlobalSection
EndGlobal
